
Microsoft Visual Studio Solution File, Format Version 12.00
# Visual Studio Version 16
VisualStudioVersion = 16.0.30104.148
MinimumVisualStudioVersion = 10.0.40219.1
Project("{FAE04EC0-301F-11D3-BF4B-00C04F79EFBC}") = "YT-downloader", "YT-downloader\YT-downloader.csproj", "{2B802039-E728-4ECB-8236-8C099A6DE47E}"
EndProject
Global
	GlobalSection(SolutionConfigurationPlatforms) = preSolution
		Debug|Any CPU = Debug|Any CPU
		Release|Any CPU = Release|Any CPU
	EndGlobalSection
	GlobalSection(ProjectConfigurationPlatforms) = postSolution
		{2B802039-E728-4ECB-8236-8C099A6DE47E}.Debug|Any CPU.ActiveCfg = Debug|Any CPU
		{2B802039-E728-4ECB-8236-8C099A6DE47E}.Debug|Any CPU.Build.0 = Debug|Any CPU
		{2B802039-E728-4ECB-8236-8C099A6DE47E}.Release|Any CPU.ActiveCfg = Release|Any CPU
		{2B802039-E728-4ECB-8236-8C099A6DE47E}.Release|Any CPU.Build.0 = Release|Any CPU
	EndGlobalSection
	GlobalSection(SolutionProperties) = preSolution
		HideSolutionNode = FALSE
	EndGlobalSection
	GlobalSection(ExtensibilityGlobals) = postSolution
		SolutionGuid = {E6C51BA0-B689-45BF-B4CF-CADC4C86F147}
	EndGlobalSection
EndGlobal
